{
  "version": 4,
  "terraform_version": "1.2.4",
  "serial": 5,
  "lineage": "87bb990c-fb4a-53a9-fd6c-1728520e2467",
  "outputs": {
    "external_ip_address_node01_yandex_cloud": {
      "value": "51.250.65.173",
      "type": "string"
    },
    "internal_ip_address_node01_yandex_cloud": {
      "value": "192.168.101.28",
      "type": "string"
    }
  },
  "resources": [
    {
      "mode": "managed",
      "type": "yandex_compute_instance",
      "name": "node01",
      "provider": "provider[\"registry.terraform.io/yandex-cloud/yandex\"]",
      "instances": [
        {
          "schema_version": 1,
          "attributes": {
            "allow_recreate": null,
            "allow_stopping_for_update": true,
            "boot_disk": [
              {
                "auto_delete": true,
                "device_name": "fhmhf2mkdurkffcsmi56",
                "disk_id": "fhmhf2mkdurkffcsmi56",
                "initialize_params": [
                  {
                    "block_size": 4096,
                    "description": "",
                    "image_id": "fd8lrjs9ajf9fp0mk11l",
                    "name": "root-node01",
                    "size": 50,
                    "snapshot_id": "",
                    "type": "network-ssd"
                  }
                ],
                "mode": "READ_WRITE"
              }
            ],
            "created_at": "2022-07-09T22:34:50Z",
            "description": "",
            "folder_id": "b1gp988j05jspq8qe96m",
            "fqdn": "node01.netology.cloud",
            "hostname": "node01",
            "id": "fhmhkhpfocil62d5ufqe",
            "labels": null,
            "local_disk": [],
            "metadata": {
              "ssh-keys": "centos:ssh-rsa AAAAB3NzaC1yc2EAAAADAQABAAABgQCp1R2pf305TwZ2APQ+uZ4NwBNJDvLYgUL/yam6IaqWSZlgZzBPjH/G2/J0pWOxDb9j3eN5bobIfj5PSk4cZX73Y/qXlO6LgcJ/eWL4Ksy4hFSUyrCnNCEu9SkNI3WM9g8CJFZyUNPTjZOjob7IhHaQAXH45/OaY32FUuGGSAreh+F1fMwzgYWzHMuZd13Lo5uOfcjPNSWxTkr/hziqnKClpHg5U7QQ1ikQAlPoXm3p1AdlOUrrNdtGu3XJfCK7TsFLNfHLREaxD5GEagZDMY4SYle0SRvXayYJWq/L+ktrEBoPCJ6KLh3E2godOa79a40Ym8xIPYDvosHabmhBwm/EAIBeMk7mcnLcRKRPq7tECZTehS+M+l+y55m7C6Sg50BY0tzXvIrlyJvuvvKVnrgY/VQQsuPcInHfA2oVDYqnrFB/5Bu+P/dirnf7V3lpvzU/XZ1JcB1Tds+awYLQlzbZ8Qdx7h5bSDy0QfDOCtJGgGvMVnq8VvhF3mAKrh9kIH8= stanislav@TM1707\n"
            },
            "name": "node01",
            "network_acceleration_type": "standard",
            "network_interface": [
              {
                "dns_record": [],
                "index": 0,
                "ip_address": "192.168.101.28",
                "ipv4": true,
                "ipv6": false,
                "ipv6_address": "",
                "ipv6_dns_record": [],
                "mac_address": "d0:0d:11:a4:72:fc",
                "nat": true,
                "nat_dns_record": [],
                "nat_ip_address": "51.250.65.173",
                "nat_ip_version": "IPV4",
                "security_group_ids": [],
                "subnet_id": "e9b33k46ouge8iv373i2"
              }
            ],
            "placement_policy": [
              {
                "host_affinity_rules": [],
                "placement_group_id": ""
              }
            ],
            "platform_id": "standard-v1",
            "resources": [
              {
                "core_fraction": 100,
                "cores": 8,
                "gpus": 0,
                "memory": 8
              }
            ],
            "scheduling_policy": [
              {
                "preemptible": false
              }
            ],
            "secondary_disk": [],
            "service_account_id": "",
            "status": "running",
            "timeouts": null,
            "zone": "ru-central1-a"
          },
          "sensitive_attributes": [],
          "private": "eyJlMmJmYjczMC1lY2FhLTExZTYtOGY4OC0zNDM2M2JjN2M0YzAiOnsiY3JlYXRlIjozMDAwMDAwMDAwMDAsImRlbGV0ZSI6MzAwMDAwMDAwMDAwLCJ1cGRhdGUiOjMwMDAwMDAwMDAwMH0sInNjaGVtYV92ZXJzaW9uIjoiMSJ9",
          "dependencies": [
            "yandex_vpc_network.default",
            "yandex_vpc_subnet.default"
          ]
        }
      ]
    },
    {
      "mode": "managed",
      "type": "yandex_vpc_network",
      "name": "default",
      "provider": "provider[\"registry.terraform.io/yandex-cloud/yandex\"]",
      "instances": [
        {
          "schema_version": 0,
          "attributes": {
            "created_at": "2022-07-09T22:34:46Z",
            "default_security_group_id": "",
            "description": "",
            "folder_id": "b1gp988j05jspq8qe96m",
            "id": "enpmskgorh86nqrh66jo",
            "labels": {},
            "name": "net",
            "subnet_ids": [],
            "timeouts": null
          },
          "sensitive_attributes": [],
          "private": "eyJlMmJmYjczMC1lY2FhLTExZTYtOGY4OC0zNDM2M2JjN2M0YzAiOnsiY3JlYXRlIjo2MDAwMDAwMDAwMCwiZGVsZXRlIjo2MDAwMDAwMDAwMCwidXBkYXRlIjo2MDAwMDAwMDAwMH19"
        }
      ]
    },
    {
      "mode": "managed",
      "type": "yandex_vpc_subnet",
      "name": "default",
      "provider": "provider[\"registry.terraform.io/yandex-cloud/yandex\"]",
      "instances": [
        {
          "schema_version": 0,
          "attributes": {
            "created_at": "2022-07-09T22:34:48Z",
            "description": "",
            "dhcp_options": [],
            "folder_id": "b1gp988j05jspq8qe96m",
            "id": "e9b33k46ouge8iv373i2",
            "labels": {},
            "name": "subnet",
            "network_id": "enpmskgorh86nqrh66jo",
            "route_table_id": "",
            "timeouts": null,
            "v4_cidr_blocks": [
              "192.168.101.0/24"
            ],
            "v6_cidr_blocks": [],
            "zone": "ru-central1-a"
          },
          "sensitive_attributes": [],
          "private": "eyJlMmJmYjczMC1lY2FhLTExZTYtOGY4OC0zNDM2M2JjN2M0YzAiOnsiY3JlYXRlIjoxODAwMDAwMDAwMDAsImRlbGV0ZSI6MTgwMDAwMDAwMDAwLCJ1cGRhdGUiOjE4MDAwMDAwMDAwMH19",
          "dependencies": [
            "yandex_vpc_network.default"
          ]
        }
      ]
    }
  ]
}
